
Microsoft Visual Studio Solution File, Format Version 12.00
# Visual Studio Version 16
VisualStudioVersion = 16.0.29911.84
MinimumVisualStudioVersion = 10.0.40219.1
Project("{FAE04EC0-301F-11D3-BF4B-00C04F79EFBC}") = "WsServerUseFleck", "WsServerUseFleck\WsServerUseFleck.csproj", "{FDAAA7E6-89AB-4719-8D8B-4BBA8C370B63}"
EndProject
Global
	GlobalSection(SolutionConfigurationPlatforms) = preSolution
		Debug|Any CPU = Debug|Any CPU
		Release|Any CPU = Release|Any CPU
	EndGlobalSection
	GlobalSection(ProjectConfigurationPlatforms) = postSolution
		{FDAAA7E6-89AB-4719-8D8B-4BBA8C370B63}.Debug|Any CPU.ActiveCfg = Debug|Any CPU
		{FDAAA7E6-89AB-4719-8D8B-4BBA8C370B63}.Debug|Any CPU.Build.0 = Debug|Any CPU
		{FDAAA7E6-89AB-4719-8D8B-4BBA8C370B63}.Release|Any CPU.ActiveCfg = Release|Any CPU
		{FDAAA7E6-89AB-4719-8D8B-4BBA8C370B63}.Release|Any CPU.Build.0 = Release|Any CPU
	EndGlobalSection
	GlobalSection(SolutionProperties) = preSolution
		HideSolutionNode = FALSE
	EndGlobalSection
	GlobalSection(ExtensibilityGlobals) = postSolution
		SolutionGuid = {4394D22F-5881-449C-B9E9-AFC4BBB88CCD}
	EndGlobalSection
EndGlobal
